
Microsoft Visual Studio Solution File, Format Version 12.00
# Visual Studio Version 16
VisualStudioVersion = 16.0.31729.503
MinimumVisualStudioVersion = 10.0.40219.1
Project("{FAE04EC0-301F-11D3-BF4B-00C04F79EFBC}") = "BookListRazor", "BookListRazor\BookListRazor.csproj", "{D2F85837-868A-4AF5-99A4-01E974DABFCC}"
EndProject
Global
	GlobalSection(SolutionConfigurationPlatforms) = preSolution
		Debug|Any CPU = Debug|Any CPU
		Release|Any CPU = Release|Any CPU
	EndGlobalSection
	GlobalSection(ProjectConfigurationPlatforms) = postSolution
		{D2F85837-868A-4AF5-99A4-01E974DABFCC}.Debug|Any CPU.ActiveCfg = Debug|Any CPU
		{D2F85837-868A-4AF5-99A4-01E974DABFCC}.Debug|Any CPU.Build.0 = Debug|Any CPU
		{D2F85837-868A-4AF5-99A4-01E974DABFCC}.Release|Any CPU.ActiveCfg = Release|Any CPU
		{D2F85837-868A-4AF5-99A4-01E974DABFCC}.Release|Any CPU.Build.0 = Release|Any CPU
	EndGlobalSection
	GlobalSection(SolutionProperties) = preSolution
		HideSolutionNode = FALSE
	EndGlobalSection
	GlobalSection(ExtensibilityGlobals) = postSolution
		SolutionGuid = {4D434C68-E3B9-405A-AE95-0573250242E4}
	EndGlobalSection
EndGlobal
